// !$*UTF8*$!
{
	archiveVersion = 1;
	classes = {
	};
	objectVersion = 50;
	objects = {

/* Begin PBXBuildFile section */
		4256C74124D161C7001FC6B0 /* KTRNNoiseRecorder.mm in Sources */ = {isa = PBXBuildFile; fileRef = 4256C74024D161C7001FC6B0 /* KTRNNoiseRecorder.mm */; };
		4256C74524D16204001FC6B0 /* librnnoise.a in Frameworks */ = {isa = PBXBuildFile; fileRef = 4256C74424D16204001FC6B0 /* librnnoise.a */; };
		42D7E7FC24D15E9100E4ACA9 /* AppDelegate.m in Sources */ = {isa = PBXBuildFile; fileRef = 42D7E7FB24D15E9100E4ACA9 /* AppDelegate.m */; };
		42D7E7FF24D15E9100E4ACA9 /* SceneDelegate.m in Sources */ = {isa = PBXBuildFile; fileRef = 42D7E7FE24D15E9100E4ACA9 /* SceneDelegate.m */; };
		42D7E80224D15E9100E4ACA9 /* ViewController.m in Sources */ = {isa = PBXBuildFile; fileRef = 42D7E80124D15E9100E4ACA9 /* ViewController.m */; };
		42D7E80524D15E9100E4ACA9 /* Main.storyboard in Resources */ = {isa = PBXBuildFile; fileRef = 42D7E80324D15E9100E4ACA9 /* Main.storyboard */; };
		42D7E80724D15E9300E4ACA9 /* Assets.xcassets in Resources */ = {isa = PBXBuildFile; fileRef = 42D7E80624D15E9300E4ACA9 /* Assets.xcassets */; };
		42D7E80A24D15E9300E4ACA9 /* LaunchScreen.storyboard in Resources */ = {isa = PBXBuildFile; fileRef = 42D7E80824D15E9300E4ACA9 /* LaunchScreen.storyboard */; };
		42D7E80D24D15E9300E4ACA9 /* main.m in Sources */ = {isa = PBXBuildFile; fileRef = 42D7E80C24D15E9300E4ACA9 /* main.m */; };
/* End PBXBuildFile section */

/* Begin PBXFileReference section */
		4256C73F24D161C7001FC6B0 /* KTRNNoiseRecorder.h */ = {isa = PBXFileReference; lastKnownFileType = sourcecode.c.h; path = KTRNNoiseRecorder.h; sourceTree = "<group>"; };
		4256C74024D161C7001FC6B0 /* KTRNNoiseRecorder.mm */ = {isa = PBXFileReference; lastKnownFileType = sourcecode.cpp.objcpp; path = KTRNNoiseRecorder.mm; sourceTree = "<group>"; };
		4256C74324D16204001FC6B0 /* rnnoise.h */ = {isa = PBXFileReference; fileEncoding = 4; lastKnownFileType = sourcecode.c.h; path = rnnoise.h; sourceTree = "<group>"; };
		4256C74424D16204001FC6B0 /* librnnoise.a */ = {isa = PBXFileReference; lastKnownFileType = archive.ar; path = librnnoise.a; sourceTree = "<group>"; };
		42D7E7F724D15E9100E4ACA9 /* KTRNNoiseRecorder.app */ = {isa = PBXFileReference; explicitFileType = wrapper.application; includeInIndex = 0; path = KTRNNoiseRecorder.app; sourceTree = BUILT_PRODUCTS_DIR; };
		42D7E7FA24D15E9100E4ACA9 /* AppDelegate.h */ = {isa = PBXFileReference; lastKnownFileType = sourcecode.c.h; path = AppDelegate.h; sourceTree = "<group>"; };
		42D7E7FB24D15E9100E4ACA9 /* AppDelegate.m */ = {isa = PBXFileReference; lastKnownFileType = sourcecode.c.objc; path = AppDelegate.m; sourceTree = "<group>"; };
		42D7E7FD24D15E9100E4ACA9 /* SceneDelegate.h */ = {isa = PBXFileReference; lastKnownFileType = sourcecode.c.h; path = SceneDelegate.h; sourceTree = "<group>"; };
		42D7E7FE24D15E9100E4ACA9 /* SceneDelegate.m */ = {isa = PBXFileReference; lastKnownFileType = sourcecode.c.objc; path = SceneDelegate.m; sourceTree = "<group>"; };
		42D7E80024D15E9100E4ACA9 /* ViewController.h */ = {isa = PBXFileReference; lastKnownFileType = sourcecode.c.h; path = ViewController.h; sourceTree = "<group>"; };
		42D7E80124D15E9100E4ACA9 /* ViewController.m */ = {isa = PBXFileReference; lastKnownFileType = sourcecode.c.objc; path = ViewController.m; sourceTree = "<group>"; };
		42D7E80424D15E9100E4ACA9 /* Base */ = {isa = PBXFileReference; lastKnownFileType = file.storyboard; name = Base; path = Base.lproj/Main.storyboard; sourceTree = "<group>"; };
		42D7E80624D15E9300E4ACA9 /* Assets.xcassets */ = {isa = PBXFileReference; lastKnownFileType = folder.assetcatalog; path = Assets.xcassets; sourceTree = "<group>"; };
		42D7E80924D15E9300E4ACA9 /* Base */ = {isa = PBXFileReference; lastKnownFileType = file.storyboard; name = Base; path = Base.lproj/LaunchScreen.storyboard; sourceTree = "<group>"; };
		42D7E80B24D15E9300E4ACA9 /* Info.plist */ = {isa = PBXFileReference; lastKnownFileType = text.plist.xml; path = Info.plist; sourceTree = "<group>"; };
		42D7E80C24D15E9300E4ACA9 /* main.m */ = {isa = PBXFileReference; lastKnownFileType = sourcecode.c.objc; path = main.m; sourceTree = "<group>"; };
/* End PBXFileReference section */

/* Begin PBXFrameworksBuildPhase section */
		42D7E7F424D15E9100E4ACA9 /* Frameworks */ = {
			isa = PBXFrameworksBuildPhase;
			buildActionMask = 2147483647;
			files = (
				4256C74524D16204001FC6B0 /* librnnoise.a in Frameworks */,
			);
			runOnlyForDeploymentPostprocessing = 0;
		};
/* End PBXFrameworksBuildPhase section */

/* Begin PBXGroup section */
		4256C74224D161F5001FC6B0 /* rnnoise-arm */ = {
			isa = PBXGroup;
			children = (
				4256C74324D16204001FC6B0 /* rnnoise.h */,
				4256C74424D16204001FC6B0 /* librnnoise.a */,
			);
			path = "rnnoise-arm";
			sourceTree = "<group>";
		};
		42D7E7EE24D15E9100E4ACA9 = {
			isa = PBXGroup;
			children = (
				42D7E7F924D15E9100E4ACA9 /* KTRNNoiseRecorder */,
				42D7E7F824D15E9100E4ACA9 /* Products */,
			);
			sourceTree = "<group>";
		};
		42D7E7F824D15E9100E4ACA9 /* Products */ = {
			isa = PBXGroup;
			children = (
				42D7E7F724D15E9100E4ACA9 /* KTRNNoiseRecorder.app */,
			);
			name = Products;
			sourceTree = "<group>";
		};
		42D7E7F924D15E9100E4ACA9 /* KTRNNoiseRecorder */ = {
			isa = PBXGroup;
			children = (
				42D7E7FA24D15E9100E4ACA9 /* AppDelegate.h */,
				42D7E7FB24D15E9100E4ACA9 /* AppDelegate.m */,
				42D7E7FD24D15E9100E4ACA9 /* SceneDelegate.h */,
				42D7E7FE24D15E9100E4ACA9 /* SceneDelegate.m */,
				42D7E80024D15E9100E4ACA9 /* ViewController.h */,
				42D7E80124D15E9100E4ACA9 /* ViewController.m */,
				4256C74224D161F5001FC6B0 /* rnnoise-arm */,
				4256C73F24D161C7001FC6B0 /* KTRNNoiseRecorder.h */,
				4256C74024D161C7001FC6B0 /* KTRNNoiseRecorder.mm */,
				42D7E80324D15E9100E4ACA9 /* Main.storyboard */,
				42D7E80624D15E9300E4ACA9 /* Assets.xcassets */,
				42D7E80824D15E9300E4ACA9 /* LaunchScreen.storyboard */,
				42D7E80B24D15E9300E4ACA9 /* Info.plist */,
				42D7E80C24D15E9300E4ACA9 /* main.m */,
			);
			path = KTRNNoiseRecorder;
			sourceTree = "<group>";
		};
/* End PBXGroup section */

/* Begin PBXNativeTarget section */
		42D7E7F624D15E9100E4ACA9 /* KTRNNoiseRecorder */ = {
			isa = PBXNativeTarget;
			buildConfigurationList = 42D7E81024D15E9300E4ACA9 /* Build configuration list for PBXNativeTarget "KTRNNoiseRecorder" */;
			buildPhases = (
				42D7E7F324D15E9100E4ACA9 /* Sources */,
				42D7E7F424D15E9100E4ACA9 /* Frameworks */,
				42D7E7F524D15E9100E4ACA9 /* Resources */,
			);
			buildRules = (
			);
			dependencies = (
			);
			name = KTRNNoiseRecorder;
			productName = KTRNNoiseRecorder;
			productReference = 42D7E7F724D15E9100E4ACA9 /* KTRNNoiseRecorder.app */;
			productType = "com.apple.product-type.application";
		};
/* End PBXNativeTarget section */

/* Begin PBXProject section */
		42D7E7EF24D15E9100E4ACA9 /* Project object */ = {
			isa = PBXProject;
			attributes = {
				LastUpgradeCheck = 1200;
				ORGANIZATIONNAME = "";
				TargetAttributes = {
					42D7E7F624D15E9100E4ACA9 = {
						CreatedOnToolsVersion = 12.0;
					};
				};
			};
			buildConfigurationList = 42D7E7F224D15E9100E4ACA9 /* Build configuration list for PBXProject "KTRNNoiseRecorder" */;
			compatibilityVersion = "Xcode 9.3";
			developmentRegion = en;
			hasScannedForEncodings = 0;
			knownRegions = (
				en,
				Base,
			);
			mainGroup = 42D7E7EE24D15E9100E4ACA9;
			productRefGroup = 42D7E7F824D15E9100E4ACA9 /* Products */;
			projectDirPath = "";
			projectRoot = "";
			targets = (
				42D7E7F624D15E9100E4ACA9 /* KTRNNoiseRecorder */,
			);
		};
/* End PBXProject section */

/* Begin PBXResourcesBuildPhase section */
		42D7E7F524D15E9100E4ACA9 /* Resources */ = {
			isa = PBXResourcesBuildPhase;
			buildActionMask = 2147483647;
			files = (
				42D7E80A24D15E9300E4ACA9 /* LaunchScreen.storyboard in Resources */,
				42D7E80724D15E9300E4ACA9 /* Assets.xcassets in Resources */,
				42D7E80524D15E9100E4ACA9 /* Main.storyboard in Resources */,
			);
			runOnlyForDeploymentPostprocessing = 0;
		};
/* End PBXResourcesBuildPhase section */

/* Begin PBXSourcesBuildPhase section */
		42D7E7F324D15E9100E4ACA9 /* Sources */ = {
			isa = PBXSourcesBuildPhase;
			buildActionMask = 2147483647;
			files = (
				42D7E80224D15E9100E4ACA9 /* ViewController.m in Sources */,
				42D7E7FC24D15E9100E4ACA9 /* AppDelegate.m in Sources */,
				42D7E80D24D15E9300E4ACA9 /* main.m in Sources */,
				42D7E7FF24D15E9100E4ACA9 /* SceneDelegate.m in Sources */,
				4256C74124D161C7001FC6B0 /* KTRNNoiseRecorder.mm in Sources */,
			);
			runOnlyForDeploymentPostprocessing = 0;
		};
/* End PBXSourcesBuildPhase section */

/* Begin PBXVariantGroup section */
		42D7E80324D15E9100E4ACA9 /* Main.storyboard */ = {
			isa = PBXVariantGroup;
			children = (
				42D7E80424D15E9100E4ACA9 /* Base */,
			);
			name = Main.storyboard;
			sourceTree = "<group>";
		};
		42D7E80824D15E9300E4ACA9 /* LaunchScreen.storyboard */ = {
			isa = PBXVariantGroup;
			children = (
				42D7E80924D15E9300E4ACA9 /* Base */,
			);
			name = LaunchScreen.storyboard;
			sourceTree = "<group>";
		};
/* End PBXVariantGroup section */

/* Begin XCBuildConfiguration section */
		42D7E80E24D15E9300E4ACA9 /* Debug */ = {
			isa = XCBuildConfiguration;
			buildSettings = {
				ALWAYS_SEARCH_USER_PATHS = NO;
				CLANG_ANALYZER_NONNULL = YES;
				CLANG_ANALYZER_NUMBER_OBJECT_CONVERSION = YES_AGGRESSIVE;
				CLANG_CXX_LANGUAGE_STANDARD = "gnu++14";
				CLANG_CXX_LIBRARY = "libc++";
				CLANG_ENABLE_MODULES = YES;
				CLANG_ENABLE_OBJC_ARC = YES;
				CLANG_ENABLE_OBJC_WEAK = YES;
				CLANG_WARN_BLOCK_CAPTURE_AUTORELEASING = YES;
				CLANG_WARN_BOOL_CONVERSION = YES;
				CLANG_WARN_COMMA = YES;
				CLANG_WARN_CONSTANT_CONVERSION = YES;
				CLANG_WARN_DEPRECATED_OBJC_IMPLEMENTATIONS = YES;
				CLANG_WARN_DIRECT_OBJC_ISA_USAGE = YES_ERROR;
				CLANG_WARN_DOCUMENTATION_COMMENTS = YES;
				CLANG_WARN_EMPTY_BODY = YES;
				CLANG_WARN_ENUM_CONVERSION = YES;
				CLANG_WARN_INFINITE_RECURSION = YES;
				CLANG_WARN_INT_CONVERSION = YES;
				CLANG_WARN_NON_LITERAL_NULL_CONVERSION = YES;
				CLANG_WARN_OBJC_IMPLICIT_RETAIN_SELF = YES;
				CLANG_WARN_OBJC_LITERAL_CONVERSION = YES;
				CLANG_WARN_OBJC_ROOT_CLASS = YES_ERROR;
				CLANG_WARN_QUOTED_INCLUDE_IN_FRAMEWORK_HEADER = YES;
				CLANG_WARN_RANGE_LOOP_ANALYSIS = YES;
				CLANG_WARN_STRICT_PROTOTYPES = YES;
				CLANG_WARN_SUSPICIOUS_MOVE = YES;
				CLANG_WARN_UNGUARDED_AVAILABILITY = YES_AGGRESSIVE;
				CLANG_WARN_UNREACHABLE_CODE = YES;
				CLANG_WARN__DUPLICATE_METHOD_MATCH = YES;
				COPY_PHASE_STRIP = NO;
				DEBUG_INFORMATION_FORMAT = dwarf;
				ENABLE_STRICT_OBJC_MSGSEND = YES;
				ENABLE_TESTABILITY = YES;
				GCC_C_LANGUAGE_STANDARD = gnu11;
				GCC_DYNAMIC_NO_PIC = NO;
				GCC_NO_COMMON_BLOCKS = YES;
				GCC_OPTIMIZATION_LEVEL = 0;
				GCC_PREPROCESSOR_DEFINITIONS = (
					"DEBUG=1",
					"$(inherited)",
				);
				GCC_WARN_64_TO_32_BIT_CONVERSION = YES;
				GCC_WARN_ABOUT_RETURN_TYPE = YES_ERROR;
				GCC_WARN_UNDECLARED_SELECTOR = YES;
				GCC_WARN_UNINITIALIZED_AUTOS = YES_AGGRESSIVE;
				GCC_WARN_UNUSED_FUNCTION = YES;
				GCC_WARN_UNUSED_VARIABLE = YES;
				IPHONEOS_DEPLOYMENT_TARGET = 13.0;
				MTL_ENABLE_DEBUG_INFO = INCLUDE_SOURCE;
				MTL_FAST_MATH = YES;
				ONLY_ACTIVE_ARCH = YES;
				SDKROOT = iphoneos;
			};
			name = Debug;
		};
		42D7E80F24D15E9300E4ACA9 /* Release */ = {
			isa = XCBuildConfiguration;
			buildSettings = {
				ALWAYS_SEARCH_USER_PATHS = NO;
				CLANG_ANALYZER_NONNULL = YES;
				CLANG_ANALYZER_NUMBER_OBJECT_CONVERSION = YES_AGGRESSIVE;
				CLANG_CXX_LANGUAGE_STANDARD = "gnu++14";
				CLANG_CXX_LIBRARY = "libc++";
				CLANG_ENABLE_MODULES = YES;
				CLANG_ENABLE_OBJC_ARC = YES;
				CLANG_ENABLE_OBJC_WEAK = YES;
				CLANG_WARN_BLOCK_CAPTURE_AUTORELEASING = YES;
				CLANG_WARN_BOOL_CONVERSION = YES;
				CLANG_WARN_COMMA = YES;
				CLANG_WARN_CONSTANT_CONVERSION = YES;
				CLANG_WARN_DEPRECATED_OBJC_IMPLEMENTATIONS = YES;
				CLANG_WARN_DIRECT_OBJC_ISA_USAGE = YES_ERROR;
				CLANG_WARN_DOCUMENTATION_COMMENTS = YES;
				CLANG_WARN_EMPTY_BODY = YES;
				CLANG_WARN_ENUM_CONVERSION = YES;
				CLANG_WARN_INFINITE_RECURSION = YES;
				CLANG_WARN_INT_CONVERSION = YES;
				CLANG_WARN_NON_LITERAL_NULL_CONVERSION = YES;
				CLANG_WARN_OBJC_IMPLICIT_RETAIN_SELF = YES;
				CLANG_WARN_OBJC_LITERAL_CONVERSION = YES;
				CLANG_WARN_OBJC_ROOT_CLASS = YES_ERROR;
				CLANG_WARN_QUOTED_INCLUDE_IN_FRAMEWORK_HEADER = YES;
				CLANG_WARN_RANGE_LOOP_ANALYSIS = YES;
				CLANG_WARN_STRICT_PROTOTYPES = YES;
				CLANG_WARN_SUSPICIOUS_MOVE = YES;
				CLANG_WARN_UNGUARDED_AVAILABILITY = YES_AGGRESSIVE;
				CLANG_WARN_UNREACHABLE_CODE = YES;
				CLANG_WARN__DUPLICATE_METHOD_MATCH = YES;
				COPY_PHASE_STRIP = NO;
				DEBUG_INFORMATION_FORMAT = "dwarf-with-dsym";
				ENABLE_NS_ASSERTIONS = NO;
				ENABLE_STRICT_OBJC_MSGSEND = YES;
				GCC_C_LANGUAGE_STANDARD = gnu11;
				GCC_NO_COMMON_BLOCKS = YES;
				GCC_WARN_64_TO_32_BIT_CONVERSION = YES;
				GCC_WARN_ABOUT_RETURN_TYPE = YES_ERROR;
				GCC_WARN_UNDECLARED_SELECTOR = YES;
				GCC_WARN_UNINITIALIZED_AUTOS = YES_AGGRESSIVE;
				GCC_WARN_UNUSED_FUNCTION = YES;
				GCC_WARN_UNUSED_VARIABLE = YES;
				IPHONEOS_DEPLOYMENT_TARGET = 13.0;
				MTL_ENABLE_DEBUG_INFO = NO;
				MTL_FAST_MATH = YES;
				SDKROOT = iphoneos;
				VALIDATE_PRODUCT = YES;
			};
			name = Release;
		};
		42D7E81124D15E9300E4ACA9 /* Debug */ = {
			isa = XCBuildConfiguration;
			buildSettings = {
				ASSETCATALOG_COMPILER_APPICON_NAME = AppIcon;
				ASSETCATALOG_COMPILER_GLOBAL_ACCENT_COLOR_NAME = AccentColor;
				CODE_SIGN_STYLE = Automatic;
				DEVELOPMENT_TEAM = 9LN88D66S3;
				INFOPLIST_FILE = KTRNNoiseRecorder/Info.plist;
				LD_RUNPATH_SEARCH_PATHS = (
					"$(inherited)",
					"@executable_path/Frameworks",
				);
				LIBRARY_SEARCH_PATHS = (
					"$(inherited)",
					"$(PROJECT_DIR)/KTRNNoiseRecorder/rnnoise-arm",
				);
				PRODUCT_BUNDLE_IDENTIFIER = com.kamto.KTRNNoiseRecorder;
				PRODUCT_NAME = "$(TARGET_NAME)";
				TARGETED_DEVICE_FAMILY = "1,2";
			};
			name = Debug;
		};
		42D7E81224D15E9300E4ACA9 /* Release */ = {
			isa = XCBuildConfiguration;
			buildSettings = {
				ASSETCATALOG_COMPILER_APPICON_NAME = AppIcon;
				ASSETCATALOG_COMPILER_GLOBAL_ACCENT_COLOR_NAME = AccentColor;
				CODE_SIGN_STYLE = Automatic;
				DEVELOPMENT_TEAM = 9LN88D66S3;
				INFOPLIST_FILE = KTRNNoiseRecorder/Info.plist;
				LD_RUNPATH_SEARCH_PATHS = (
					"$(inherited)",
					"@executable_path/Frameworks",
				);
				LIBRARY_SEARCH_PATHS = (
					"$(inherited)",
					"$(PROJECT_DIR)/KTRNNoiseRecorder/rnnoise-arm",
				);
				PRODUCT_BUNDLE_IDENTIFIER = com.kamto.KTRNNoiseRecorder;
				PRODUCT_NAME = "$(TARGET_NAME)";
				TARGETED_DEVICE_FAMILY = "1,2";
			};
			name = Release;
		};
/* End XCBuildConfiguration section */

/* Begin XCConfigurationList section */
		42D7E7F224D15E9100E4ACA9 /* Build configuration list for PBXProject "KTRNNoiseRecorder" */ = {
			isa = XCConfigurationList;
			buildConfigurations = (
				42D7E80E24D15E9300E4ACA9 /* Debug */,
				42D7E80F24D15E9300E4ACA9 /* Release */,
			);
			defaultConfigurationIsVisible = 0;
			defaultConfigurationName = Release;
		};
		42D7E81024D15E9300E4ACA9 /* Build configuration list for PBXNativeTarget "KTRNNoiseRecorder" */ = {
			isa = XCConfigurationList;
			buildConfigurations = (
				42D7E81124D15E9300E4ACA9 /* Debug */,
				42D7E81224D15E9300E4ACA9 /* Release */,
			);
			defaultConfigurationIsVisible = 0;
			defaultConfigurationName = Release;
		};
/* End XCConfigurationList section */
	};
	rootObject = 42D7E7EF24D15E9100E4ACA9 /* Project object */;
}
